
Microsoft Visual Studio Solution File, Format Version 12.00
# Visual Studio Version 17
VisualStudioVersion = 17.2.32505.173
MinimumVisualStudioVersion = 10.0.40219.1
Project("{FAE04EC0-301F-11D3-BF4B-00C04F79EFBC}") = "TodoWebApi", "TodoWebApi\TodoWebApi.csproj", "{C371A74C-E729-4304-955D-FAFF149F17E3}"
EndProject
Global
	GlobalSection(SolutionConfigurationPlatforms) = preSolution
		Debug|Any CPU = Debug|Any CPU
		Release|Any CPU = Release|Any CPU
	EndGlobalSection
	GlobalSection(ProjectConfigurationPlatforms) = postSolution
		{C371A74C-E729-4304-955D-FAFF149F17E3}.Debug|Any CPU.ActiveCfg = Debug|Any CPU
		{C371A74C-E729-4304-955D-FAFF149F17E3}.Debug|Any CPU.Build.0 = Debug|Any CPU
		{C371A74C-E729-4304-955D-FAFF149F17E3}.Release|Any CPU.ActiveCfg = Release|Any CPU
		{C371A74C-E729-4304-955D-FAFF149F17E3}.Release|Any CPU.Build.0 = Release|Any CPU
	EndGlobalSection
	GlobalSection(SolutionProperties) = preSolution
		HideSolutionNode = FALSE
	EndGlobalSection
	GlobalSection(ExtensibilityGlobals) = postSolution
		SolutionGuid = {F11BB9AE-2AB3-46A5-97E1-31BC6A18F79A}
	EndGlobalSection
EndGlobal
